
Microsoft Visual Studio Solution File, Format Version 12.00
# Visual Studio Version 16
VisualStudioVersion = 16.0.33130.400
MinimumVisualStudioVersion = 10.0.40219.1
Project("{FAE04EC0-301F-11D3-BF4B-00C04F79EFBC}") = "大一统", "大一统\大一统.csproj", "{6E047260-603D-4CCC-B06E-199727200AB7}"
EndProject
Project("{FAE04EC0-301F-11D3-BF4B-00C04F79EFBC}") = "Test", "Test\Test.csproj", "{F8A96030-7AB3-43E7-BDD8-B431709329FE}"
EndProject
Global
	GlobalSection(SolutionConfigurationPlatforms) = preSolution
		Debug|Any CPU = Debug|Any CPU
		Release|Any CPU = Release|Any CPU
	EndGlobalSection
	GlobalSection(ProjectConfigurationPlatforms) = postSolution
		{6E047260-603D-4CCC-B06E-199727200AB7}.Debug|Any CPU.ActiveCfg = Debug|Any CPU
		{6E047260-603D-4CCC-B06E-199727200AB7}.Debug|Any CPU.Build.0 = Debug|Any CPU
		{6E047260-603D-4CCC-B06E-199727200AB7}.Release|Any CPU.ActiveCfg = Release|Any CPU
		{6E047260-603D-4CCC-B06E-199727200AB7}.Release|Any CPU.Build.0 = Release|Any CPU
		{F8A96030-7AB3-43E7-BDD8-B431709329FE}.Debug|Any CPU.ActiveCfg = Debug|Any CPU
		{F8A96030-7AB3-43E7-BDD8-B431709329FE}.Debug|Any CPU.Build.0 = Debug|Any CPU
		{F8A96030-7AB3-43E7-BDD8-B431709329FE}.Release|Any CPU.ActiveCfg = Release|Any CPU
		{F8A96030-7AB3-43E7-BDD8-B431709329FE}.Release|Any CPU.Build.0 = Release|Any CPU
	EndGlobalSection
	GlobalSection(SolutionProperties) = preSolution
		HideSolutionNode = FALSE
	EndGlobalSection
	GlobalSection(ExtensibilityGlobals) = postSolution
		SolutionGuid = {F35DF074-897D-40E3-9E8A-FFF63629A21B}
	EndGlobalSection
EndGlobal
